// !$*UTF8*$!
{
	archiveVersion = 1;
	classes = {
	};
	objectVersion = 56;
	objects = {

/* Begin PBXBuildFile section */
		BB0A00010000000000000001 /* GlyphyxScreenSaver.swift in Sources */ = {isa = PBXBuildFile; fileRef = BB1A00010000000000000001 /* GlyphyxScreenSaver.swift */; };
		BB0A00020000000000000001 /* GlyphyxConfig.swift in Sources */ = {isa = PBXBuildFile; fileRef = BB1A00020000000000000001 /* GlyphyxConfig.swift */; };
		BB0A00030000000000000001 /* ConfigureSheetController.swift in Sources */ = {isa = PBXBuildFile; fileRef = BB1A00030000000000000001 /* ConfigureSheetController.swift */; };
		BB0A00040000000000000001 /* Renderer.swift in Sources */ = {isa = PBXBuildFile; fileRef = BB1A00040000000000000001 /* Renderer.swift */; };
		BB0A00050000000000000001 /* Shaders.metal in Sources */ = {isa = PBXBuildFile; fileRef = BB1A00050000000000000001 /* Shaders.metal */; };
		BB0A00060000000000000001 /* ScreenSaver.framework in Frameworks */ = {isa = PBXBuildFile; fileRef = BB1A00070000000000000001 /* ScreenSaver.framework */; };
/* End PBXBuildFile section */

/* Begin PBXFileReference section */
		BB1A00010000000000000001 /* GlyphyxScreenSaver.swift */ = {isa = PBXFileReference; lastKnownFileType = sourcecode.swift; name = GlyphyxScreenSaver.swift; path = Glyphyx/GlyphyxScreenSaver.swift; sourceTree = "<group>"; };
		BB1A00020000000000000001 /* GlyphyxConfig.swift */ = {isa = PBXFileReference; lastKnownFileType = sourcecode.swift; name = GlyphyxConfig.swift; path = Glyphyx/GlyphyxConfig.swift; sourceTree = "<group>"; };
		BB1A00030000000000000001 /* ConfigureSheetController.swift */ = {isa = PBXFileReference; lastKnownFileType = sourcecode.swift; name = ConfigureSheetController.swift; path = Glyphyx/ConfigureSheetController.swift; sourceTree = "<group>"; };
		BB1A00040000000000000001 /* Renderer.swift */ = {isa = PBXFileReference; lastKnownFileType = sourcecode.swift; name = Renderer.swift; path = Glyphyx/Renderer.swift; sourceTree = "<group>"; };
		BB1A00050000000000000001 /* Shaders.metal */ = {isa = PBXFileReference; lastKnownFileType = sourcecode.metal; name = Shaders.metal; path = Glyphyx/Shaders.metal; sourceTree = "<group>"; };
		BB1A00060000000000000001 /* Info.plist */ = {isa = PBXFileReference; lastKnownFileType = text.plist.xml; name = Info.plist; path = Glyphyx/Info.plist; sourceTree = "<group>"; };
		BB1A00070000000000000001 /* ScreenSaver.framework */ = {isa = PBXFileReference; lastKnownFileType = wrapper.framework; name = ScreenSaver.framework; path = System/Library/Frameworks/ScreenSaver.framework; sourceTree = SDKROOT; };
		BB1A00080000000000000001 /* Glyphyx.saver */ = {isa = PBXFileReference; explicitFileType = wrapper.cfbundle; includeInIndex = 0; path = Glyphyx.saver; sourceTree = BUILT_PRODUCTS_DIR; };
/* End PBXFileReference section */

/* Begin PBXFrameworksBuildPhase section */
		BB2A00010000000000000001 /* Frameworks */ = {
			isa = PBXFrameworksBuildPhase;
			buildActionMask = 2147483647;
			files = (
				BB0A00060000000000000001 /* ScreenSaver.framework in Frameworks */,
			);
			runOnlyForDeploymentPostprocessing = 0;
		};
/* End PBXFrameworksBuildPhase section */

/* Begin PBXGroup section */
		BB3A00010000000000000001 /* / */ = {
			isa = PBXGroup;
			children = (
				BB3A00020000000000000001 /* Glyphyx */,
				BB3A00030000000000000001 /* Frameworks */,
				BB3A00040000000000000001 /* Products */,
			);
			sourceTree = "<group>";
		};
		BB3A00020000000000000001 /* Glyphyx */ = {
			isa = PBXGroup;
			children = (
				BB1A00010000000000000001 /* GlyphyxScreenSaver.swift */,
				BB1A00020000000000000001 /* GlyphyxConfig.swift */,
				BB1A00030000000000000001 /* ConfigureSheetController.swift */,
				BB1A00040000000000000001 /* Renderer.swift */,
				BB1A00050000000000000001 /* Shaders.metal */,
				BB1A00060000000000000001 /* Info.plist */,
			);
			name = Glyphyx;
			sourceTree = "<group>";
		};
		BB3A00030000000000000001 /* Frameworks */ = {
			isa = PBXGroup;
			children = (
				BB1A00070000000000000001 /* ScreenSaver.framework */,
			);
			name = Frameworks;
			sourceTree = "<group>";
		};
		BB3A00040000000000000001 /* Products */ = {
			isa = PBXGroup;
			children = (
				BB1A00080000000000000001 /* Glyphyx.saver */,
			);
			name = Products;
			sourceTree = "<group>";
		};
/* End PBXGroup section */

/* Begin PBXNativeTarget section */
		BB4A00010000000000000001 /* Glyphyx */ = {
			isa = PBXNativeTarget;
			buildConfigurationList = BB6A00020000000000000001 /* Build configuration list for PBXNativeTarget "Glyphyx" */;
			buildPhases = (
				BB5A00010000000000000001 /* Sources */,
				BB2A00010000000000000001 /* Frameworks */,
			);
			buildRules = (
			);
			dependencies = (
			);
			name = Glyphyx;
			productName = Glyphyx;
			productReference = BB1A00080000000000000001 /* Glyphyx.saver */;
			productType = "com.apple.product-type.bundle";
		};
/* End PBXNativeTarget section */

/* Begin PBXProject section */
		BB7A00010000000000000001 /* Project object */ = {
			isa = PBXProject;
			attributes = {
				BuildIndependentTargetsInParallel = 1;
				LastSwiftUpdateCheck = 1500;
				LastUpgradeCheck = 1500;
				TargetAttributes = {
					BB4A00010000000000000001 = {
						CreatedOnToolsVersion = 15.0;
					};
				};
			};
			buildConfigurationList = BB6A00010000000000000001 /* Build configuration list for PBXProject "Glyphyx" */;
			compatibilityVersion = "Xcode 14.0";
			developmentRegion = en;
			hasScannedForEncodings = 0;
			knownRegions = (
				en,
				Base,
			);
			mainGroup = BB3A00010000000000000001;
			productRefGroup = BB3A00040000000000000001 /* Products */;
			projectDirPath = "";
			projectRoot = "";
			targets = (
				BB4A00010000000000000001 /* Glyphyx */,
			);
		};
/* End PBXProject section */

/* Begin PBXSourcesBuildPhase section */
		BB5A00010000000000000001 /* Sources */ = {
			isa = PBXSourcesBuildPhase;
			buildActionMask = 2147483647;
			files = (
				BB0A00010000000000000001 /* GlyphyxScreenSaver.swift in Sources */,
				BB0A00020000000000000001 /* GlyphyxConfig.swift in Sources */,
				BB0A00030000000000000001 /* ConfigureSheetController.swift in Sources */,
				BB0A00040000000000000001 /* Renderer.swift in Sources */,
				BB0A00050000000000000001 /* Shaders.metal in Sources */,
			);
			runOnlyForDeploymentPostprocessing = 0;
		};
/* End PBXSourcesBuildPhase section */

/* Begin XCBuildConfiguration section */
		BB8A00010000000000000001 /* Debug */ = {
			isa = XCBuildConfiguration;
			buildSettings = {
				ALWAYS_SEARCH_USER_PATHS = NO;
				CLANG_ANALYZER_NONNULL = YES;
				CLANG_ANALYZER_NUMBER_OBJECT_CONVERSION = YES_AGGRESSIVE;
				CLANG_CXX_LANGUAGE_STANDARD = "gnu++20";
				CLANG_ENABLE_MODULES = YES;
				CLANG_ENABLE_OBJC_ARC = YES;
				CLANG_ENABLE_OBJC_WEAK = YES;
				CLANG_WARN_BLOCK_CAPTURE_AUTORELEASING = YES;
				CLANG_WARN_BOOL_CONVERSION = YES;
				CLANG_WARN_COMMA = YES;
				CLANG_WARN_CONSTANT_CONVERSION = YES;
				CLANG_WARN_DEPRECATED_OBJC_IMPLEMENTATIONS = YES;
				CLANG_WARN_DIRECT_OBJC_ISA_USAGE = YES_ERROR;
				CLANG_WARN_DOCUMENTATION_COMMENTS = YES;
				CLANG_WARN_EMPTY_BODY = YES;
				CLANG_WARN_ENUM_CONVERSION = YES;
				CLANG_WARN_INFINITE_RECURSION = YES;
				CLANG_WARN_INT_CONVERSION = YES;
				CLANG_WARN_NON_LITERAL_NULL_CONVERSION = YES;
				CLANG_WARN_OBJC_IMPLICIT_RETAIN_SELF = YES;
				CLANG_WARN_OBJC_LITERAL_CONVERSION = YES;
				CLANG_WARN_OBJC_ROOT_CLASS = YES_ERROR;
				CLANG_WARN_QUOTED_INCLUDE_IN_FRAMEWORK_HEADER = YES;
				CLANG_WARN_RANGE_LOOP_ANALYSIS = YES;
				CLANG_WARN_STRICT_PROTOTYPES = YES;
				CLANG_WARN_SUSPICIOUS_MOVE = YES;
				CLANG_WARN_UNGUARDED_AVAILABILITY = YES_AGGRESSIVE;
				CLANG_WARN_UNREACHABLE_CODE = YES;
				CLANG_WARN__DUPLICATE_METHOD_MATCH = YES;
				COPY_PHASE_STRIP = NO;
				DEBUG_INFORMATION_FORMAT = dwarf;
				ENABLE_STRICT_OBJC_MSGSEND = YES;
				ENABLE_TESTABILITY = YES;
				GCC_C_LANGUAGE_STANDARD = gnu17;
				GCC_DYNAMIC_NO_PIC = NO;
				GCC_NO_COMMON_BLOCKS = YES;
				GCC_OPTIMIZATION_LEVEL = 0;
				GCC_PREPROCESSOR_DEFINITIONS = (
					"DEBUG=1",
					"$(inherited)",
				);
				GCC_WARN_64_TO_32_BIT_CONVERSION = YES;
				GCC_WARN_ABOUT_RETURN_TYPE = YES_ERROR;
				GCC_WARN_UNDECLARED_SELECTOR = YES;
				GCC_WARN_UNINITIALIZED_AUTOS = YES_AGGRESSIVE;
				GCC_WARN_UNUSED_FUNCTION = YES;
				GCC_WARN_UNUSED_VARIABLE = YES;
				MACOSX_DEPLOYMENT_TARGET = 13.0;
				MTL_ENABLE_DEBUG_INFO = INCLUDE_SOURCE;
				MTL_FAST_MATH = YES;
				ONLY_ACTIVE_ARCH = YES;
				SDKROOT = macosx;
				SWIFT_ACTIVE_COMPILATION_CONDITIONS = DEBUG;
				SWIFT_OPTIMIZATION_LEVEL = "-Onone";
			};
			name = Debug;
		};
		BB8A00020000000000000001 /* Release */ = {
			isa = XCBuildConfiguration;
			buildSettings = {
				ALWAYS_SEARCH_USER_PATHS = NO;
				CLANG_ANALYZER_NONNULL = YES;
				CLANG_ANALYZER_NUMBER_OBJECT_CONVERSION = YES_AGGRESSIVE;
				CLANG_CXX_LANGUAGE_STANDARD = "gnu++20";
				CLANG_ENABLE_MODULES = YES;
				CLANG_ENABLE_OBJC_ARC = YES;
				CLANG_ENABLE_OBJC_WEAK = YES;
				CLANG_WARN_BLOCK_CAPTURE_AUTORELEASING = YES;
				CLANG_WARN_BOOL_CONVERSION = YES;
				CLANG_WARN_COMMA = YES;
				CLANG_WARN_CONSTANT_CONVERSION = YES;
				CLANG_WARN_DEPRECATED_OBJC_IMPLEMENTATIONS = YES;
				CLANG_WARN_DIRECT_OBJC_ISA_USAGE = YES_ERROR;
				CLANG_WARN_DOCUMENTATION_COMMENTS = YES;
				CLANG_WARN_EMPTY_BODY = YES;
				CLANG_WARN_ENUM_CONVERSION = YES;
				CLANG_WARN_INFINITE_RECURSION = YES;
				CLANG_WARN_INT_CONVERSION = YES;
				CLANG_WARN_NON_LITERAL_NULL_CONVERSION = YES;
				CLANG_WARN_OBJC_IMPLICIT_RETAIN_SELF = YES;
				CLANG_WARN_OBJC_LITERAL_CONVERSION = YES;
				CLANG_WARN_OBJC_ROOT_CLASS = YES_ERROR;
				CLANG_WARN_QUOTED_INCLUDE_IN_FRAMEWORK_HEADER = YES;
				CLANG_WARN_RANGE_LOOP_ANALYSIS = YES;
				CLANG_WARN_STRICT_PROTOTYPES = YES;
				CLANG_WARN_SUSPICIOUS_MOVE = YES;
				CLANG_WARN_UNGUARDED_AVAILABILITY = YES_AGGRESSIVE;
				CLANG_WARN_UNREACHABLE_CODE = YES;
				CLANG_WARN__DUPLICATE_METHOD_MATCH = YES;
				COPY_PHASE_STRIP = NO;
				DEBUG_INFORMATION_FORMAT = "dwarf-with-dsym";
				ENABLE_NS_ASSERTIONS = NO;
				ENABLE_STRICT_OBJC_MSGSEND = YES;
				GCC_C_LANGUAGE_STANDARD = gnu17;
				GCC_NO_COMMON_BLOCKS = YES;
				GCC_WARN_64_TO_32_BIT_CONVERSION = YES;
				GCC_WARN_ABOUT_RETURN_TYPE = YES_ERROR;
				GCC_WARN_UNDECLARED_SELECTOR = YES;
				GCC_WARN_UNINITIALIZED_AUTOS = YES_AGGRESSIVE;
				GCC_WARN_UNUSED_FUNCTION = YES;
				GCC_WARN_UNUSED_VARIABLE = YES;
				MACOSX_DEPLOYMENT_TARGET = 13.0;
				MTL_ENABLE_DEBUG_INFO = NO;
				MTL_FAST_MATH = YES;
				SDKROOT = macosx;
				SWIFT_COMPILATION_MODE = wholemodule;
				SWIFT_OPTIMIZATION_LEVEL = "-O";
			};
			name = Release;
		};
		BB8A00030000000000000001 /* Debug */ = {
			isa = XCBuildConfiguration;
			buildSettings = {
				COMBINE_HIDPI_IMAGES = YES;
				CURRENT_PROJECT_VERSION = 1;
				DEFINES_MODULE = YES;
				DYLIB_COMPATIBILITY_VERSION = 1;
				DYLIB_CURRENT_VERSION = 1;
				GENERATE_INFOPLIST_FILE = NO;
				INFOPLIST_FILE = Glyphyx/Info.plist;
				MARKETING_VERSION = 1.0;
				PRODUCT_BUNDLE_IDENTIFIER = com.thiaramus.Glyphyx;
				PRODUCT_NAME = Glyphyx;
				SKIP_INSTALL = YES;
				SWIFT_EMIT_LOC_STRINGS = YES;
				SWIFT_VERSION = 5.0;
				WRAPPER_EXTENSION = saver;
				MACOSX_DEPLOYMENT_TARGET = 13.0;
				OTHER_LDFLAGS = (
					"-framework",
					ScreenSaver,
				);
			};
			name = Debug;
		};
		BB8A00040000000000000001 /* Release */ = {
			isa = XCBuildConfiguration;
			buildSettings = {
				COMBINE_HIDPI_IMAGES = YES;
				CURRENT_PROJECT_VERSION = 1;
				DEFINES_MODULE = YES;
				DYLIB_COMPATIBILITY_VERSION = 1;
				DYLIB_CURRENT_VERSION = 1;
				GENERATE_INFOPLIST_FILE = NO;
				INFOPLIST_FILE = Glyphyx/Info.plist;
				MARKETING_VERSION = 1.0;
				PRODUCT_BUNDLE_IDENTIFIER = com.thiaramus.Glyphyx;
				PRODUCT_NAME = Glyphyx;
				SKIP_INSTALL = YES;
				SWIFT_EMIT_LOC_STRINGS = YES;
				SWIFT_VERSION = 5.0;
				WRAPPER_EXTENSION = saver;
				MACOSX_DEPLOYMENT_TARGET = 13.0;
				OTHER_LDFLAGS = (
					"-framework",
					ScreenSaver,
				);
			};
			name = Release;
		};
/* End XCBuildConfiguration section */

/* Begin XCConfigurationList section */
		BB6A00010000000000000001 /* Build configuration list for PBXProject "Glyphyx" */ = {
			isa = XCConfigurationList;
			buildConfigurations = (
				BB8A00010000000000000001 /* Debug */,
				BB8A00020000000000000001 /* Release */,
			);
			defaultConfigurationIsVisible = 0;
			defaultConfigurationName = Release;
		};
		BB6A00020000000000000001 /* Build configuration list for PBXNativeTarget "Glyphyx" */ = {
			isa = XCConfigurationList;
			buildConfigurations = (
				BB8A00030000000000000001 /* Debug */,
				BB8A00040000000000000001 /* Release */,
			);
			defaultConfigurationIsVisible = 0;
			defaultConfigurationName = Release;
		};
/* End XCConfigurationList section */

	};
	rootObject = BB7A00010000000000000001 /* Project object */;
}
